// !$*UTF8*$!
{
	archiveVersion = 1;
	classes = {
	};
	objectVersion = 48;
	objects = {

/* Begin PBXBuildFile section */
		A8FE71811FEDDD93009D50D1 /* AppDelegate.swift in Sources */ = {isa = PBXBuildFile; fileRef = A8FE71801FEDDD93009D50D1 /* AppDelegate.swift */; };
		A8FE71831FEDDD93009D50D1 /* ViewController.swift in Sources */ = {isa = PBXBuildFile; fileRef = A8FE71821FEDDD93009D50D1 /* ViewController.swift */; };
		A8FE71861FEDDD94009D50D1 /* Main.storyboard in Resources */ = {isa = PBXBuildFile; fileRef = A8FE71841FEDDD93009D50D1 /* Main.storyboard */; };
		A8FE71881FEDDD94009D50D1 /* Assets.xcassets in Resources */ = {isa = PBXBuildFile; fileRef = A8FE71871FEDDD94009D50D1 /* Assets.xcassets */; };
		A8FE718B1FEDDD94009D50D1 /* LaunchScreen.storyboard in Resources */ = {isa = PBXBuildFile; fileRef = A8FE71891FEDDD94009D50D1 /* LaunchScreen.storyboard */; };
		A8FE71961FEDDD94009D50D1 /* PizzaTests.swift in Sources */ = {isa = PBXBuildFile; fileRef = A8FE71951FEDDD94009D50D1 /* PizzaTests.swift */; };
		A8FE71A11FEDDD94009D50D1 /* PizzaUITests.swift in Sources */ = {isa = PBXBuildFile; fileRef = A8FE71A01FEDDD94009D50D1 /* PizzaUITests.swift */; };
/* End PBXBuildFile section */

/* Begin PBXContainerItemProxy section */
		A8FE71921FEDDD94009D50D1 /* PBXContainerItemProxy */ = {
			isa = PBXContainerItemProxy;
			containerPortal = A8FE71751FEDDD93009D50D1 /* Project object */;
			proxyType = 1;
			remoteGlobalIDString = A8FE717C1FEDDD93009D50D1;
			remoteInfo = Pizza;
		};
		A8FE719D1FEDDD94009D50D1 /* PBXContainerItemProxy */ = {
			isa = PBXContainerItemProxy;
			containerPortal = A8FE71751FEDDD93009D50D1 /* Project object */;
			proxyType = 1;
			remoteGlobalIDString = A8FE717C1FEDDD93009D50D1;
			remoteInfo = Pizza;
		};
/* End PBXContainerItemProxy section */

/* Begin PBXFileReference section */
		A8FE717D1FEDDD93009D50D1 /* Pizza.app */ = {isa = PBXFileReference; explicitFileType = wrapper.application; includeInIndex = 0; path = Pizza.app; sourceTree = BUILT_PRODUCTS_DIR; };
		A8FE71801FEDDD93009D50D1 /* AppDelegate.swift */ = {isa = PBXFileReference; lastKnownFileType = sourcecode.swift; path = AppDelegate.swift; sourceTree = "<group>"; };
		A8FE71821FEDDD93009D50D1 /* ViewController.swift */ = {isa = PBXFileReference; lastKnownFileType = sourcecode.swift; path = ViewController.swift; sourceTree = "<group>"; };
		A8FE71851FEDDD94009D50D1 /* Base */ = {isa = PBXFileReference; lastKnownFileType = file.storyboard; name = Base; path = Base.lproj/Main.storyboard; sourceTree = "<group>"; };
		A8FE71871FEDDD94009D50D1 /* Assets.xcassets */ = {isa = PBXFileReference; lastKnownFileType = folder.assetcatalog; path = Assets.xcassets; sourceTree = "<group>"; };
		A8FE718A1FEDDD94009D50D1 /* Base */ = {isa = PBXFileReference; lastKnownFileType = file.storyboard; name = Base; path = Base.lproj/LaunchScreen.storyboard; sourceTree = "<group>"; };
		A8FE718C1FEDDD94009D50D1 /* Info.plist */ = {isa = PBXFileReference; lastKnownFileType = text.plist.xml; path = Info.plist; sourceTree = "<group>"; };
		A8FE71911FEDDD94009D50D1 /* PizzaTests.xctest */ = {isa = PBXFileReference; explicitFileType = wrapper.cfbundle; includeInIndex = 0; path = PizzaTests.xctest; sourceTree = BUILT_PRODUCTS_DIR; };
		A8FE71951FEDDD94009D50D1 /* PizzaTests.swift */ = {isa = PBXFileReference; lastKnownFileType = sourcecode.swift; path = PizzaTests.swift; sourceTree = "<group>"; };
		A8FE71971FEDDD94009D50D1 /* Info.plist */ = {isa = PBXFileReference; lastKnownFileType = text.plist.xml; path = Info.plist; sourceTree = "<group>"; };
		A8FE719C1FEDDD94009D50D1 /* PizzaUITests.xctest */ = {isa = PBXFileReference; explicitFileType = wrapper.cfbundle; includeInIndex = 0; path = PizzaUITests.xctest; sourceTree = BUILT_PRODUCTS_DIR; };
		A8FE71A01FEDDD94009D50D1 /* PizzaUITests.swift */ = {isa = PBXFileReference; lastKnownFileType = sourcecode.swift; path = PizzaUITests.swift; sourceTree = "<group>"; };
		A8FE71A21FEDDD94009D50D1 /* Info.plist */ = {isa = PBXFileReference; lastKnownFileType = text.plist.xml; path = Info.plist; sourceTree = "<group>"; };
/* End PBXFileReference section */

/* Begin PBXFrameworksBuildPhase section */
		A8FE717A1FEDDD93009D50D1 /* Frameworks */ = {
			isa = PBXFrameworksBuildPhase;
			buildActionMask = 2147483647;
			files = (
			);
			runOnlyForDeploymentPostprocessing = 0;
		};
		A8FE718E1FEDDD94009D50D1 /* Frameworks */ = {
			isa = PBXFrameworksBuildPhase;
			buildActionMask = 2147483647;
			files = (
			);
			runOnlyForDeploymentPostprocessing = 0;
		};
		A8FE71991FEDDD94009D50D1 /* Frameworks */ = {
			isa = PBXFrameworksBuildPhase;
			buildActionMask = 2147483647;
			files = (
			);
			runOnlyForDeploymentPostprocessing = 0;
		};
/* End PBXFrameworksBuildPhase section */

/* Begin PBXGroup section */
		A8FE71741FEDDD93009D50D1 = {
			isa = PBXGroup;
			children = (
				A8FE717F1FEDDD93009D50D1 /* Pizza */,
				A8FE71941FEDDD94009D50D1 /* PizzaTests */,
				A8FE719F1FEDDD94009D50D1 /* PizzaUITests */,
				A8FE717E1FEDDD93009D50D1 /* Products */,
			);
			sourceTree = "<group>";
		};
		A8FE717E1FEDDD93009D50D1 /* Products */ = {
			isa = PBXGroup;
			children = (
				A8FE717D1FEDDD93009D50D1 /* Pizza.app */,
				A8FE71911FEDDD94009D50D1 /* PizzaTests.xctest */,
				A8FE719C1FEDDD94009D50D1 /* PizzaUITests.xctest */,
			);
			name = Products;
			sourceTree = "<group>";
		};
		A8FE717F1FEDDD93009D50D1 /* Pizza */ = {
			isa = PBXGroup;
			children = (
				A8FE71801FEDDD93009D50D1 /* AppDelegate.swift */,
				A8FE71821FEDDD93009D50D1 /* ViewController.swift */,
				A8FE71841FEDDD93009D50D1 /* Main.storyboard */,
				A8FE71871FEDDD94009D50D1 /* Assets.xcassets */,
				A8FE71891FEDDD94009D50D1 /* LaunchScreen.storyboard */,
				A8FE718C1FEDDD94009D50D1 /* Info.plist */,
			);
			path = Pizza;
			sourceTree = "<group>";
		};
		A8FE71941FEDDD94009D50D1 /* PizzaTests */ = {
			isa = PBXGroup;
			children = (
				A8FE71951FEDDD94009D50D1 /* PizzaTests.swift */,
				A8FE71971FEDDD94009D50D1 /* Info.plist */,
			);
			path = PizzaTests;
			sourceTree = "<group>";
		};
		A8FE719F1FEDDD94009D50D1 /* PizzaUITests */ = {
			isa = PBXGroup;
			children = (
				A8FE71A01FEDDD94009D50D1 /* PizzaUITests.swift */,
				A8FE71A21FEDDD94009D50D1 /* Info.plist */,
			);
			path = PizzaUITests;
			sourceTree = "<group>";
		};
/* End PBXGroup section */

/* Begin PBXNativeTarget section */
		A8FE717C1FEDDD93009D50D1 /* Pizza */ = {
			isa = PBXNativeTarget;
			buildConfigurationList = A8FE71A51FEDDD94009D50D1 /* Build configuration list for PBXNativeTarget "Pizza" */;
			buildPhases = (
				A8FE71791FEDDD93009D50D1 /* Sources */,
				A8FE717A1FEDDD93009D50D1 /* Frameworks */,
				A8FE717B1FEDDD93009D50D1 /* Resources */,
			);
			buildRules = (
			);
			dependencies = (
			);
			name = Pizza;
			productName = Pizza;
			productReference = A8FE717D1FEDDD93009D50D1 /* Pizza.app */;
			productType = "com.apple.product-type.application";
		};
		A8FE71901FEDDD94009D50D1 /* PizzaTests */ = {
			isa = PBXNativeTarget;
			buildConfigurationList = A8FE71A81FEDDD94009D50D1 /* Build configuration list for PBXNativeTarget "PizzaTests" */;
			buildPhases = (
				A8FE718D1FEDDD94009D50D1 /* Sources */,
				A8FE718E1FEDDD94009D50D1 /* Frameworks */,
				A8FE718F1FEDDD94009D50D1 /* Resources */,
			);
			buildRules = (
			);
			dependencies = (
				A8FE71931FEDDD94009D50D1 /* PBXTargetDependency */,
			);
			name = PizzaTests;
			productName = PizzaTests;
			productReference = A8FE71911FEDDD94009D50D1 /* PizzaTests.xctest */;
			productType = "com.apple.product-type.bundle.unit-test";
		};
		A8FE719B1FEDDD94009D50D1 /* PizzaUITests */ = {
			isa = PBXNativeTarget;
			buildConfigurationList = A8FE71AB1FEDDD94009D50D1 /* Build configuration list for PBXNativeTarget "PizzaUITests" */;
			buildPhases = (
				A8FE71981FEDDD94009D50D1 /* Sources */,
				A8FE71991FEDDD94009D50D1 /* Frameworks */,
				A8FE719A1FEDDD94009D50D1 /* Resources */,
			);
			buildRules = (
			);
			dependencies = (
				A8FE719E1FEDDD94009D50D1 /* PBXTargetDependency */,
			);
			name = PizzaUITests;
			productName = PizzaUITests;
			productReference = A8FE719C1FEDDD94009D50D1 /* PizzaUITests.xctest */;
			productType = "com.apple.product-type.bundle.ui-testing";
		};
/* End PBXNativeTarget section */

/* Begin PBXProject section */
		A8FE71751FEDDD93009D50D1 /* Project object */ = {
			isa = PBXProject;
			attributes = {
				LastSwiftUpdateCheck = 0920;
				LastUpgradeCheck = 0920;
				ORGANIZATIONNAME = "Matt Deuschle";
				TargetAttributes = {
					A8FE717C1FEDDD93009D50D1 = {
						CreatedOnToolsVersion = 9.2;
						ProvisioningStyle = Automatic;
					};
					A8FE71901FEDDD94009D50D1 = {
						CreatedOnToolsVersion = 9.2;
						ProvisioningStyle = Automatic;
						TestTargetID = A8FE717C1FEDDD93009D50D1;
					};
					A8FE719B1FEDDD94009D50D1 = {
						CreatedOnToolsVersion = 9.2;
						ProvisioningStyle = Automatic;
						TestTargetID = A8FE717C1FEDDD93009D50D1;
					};
				};
			};
			buildConfigurationList = A8FE71781FEDDD93009D50D1 /* Build configuration list for PBXProject "Pizza" */;
			compatibilityVersion = "Xcode 8.0";
			developmentRegion = en;
			hasScannedForEncodings = 0;
			knownRegions = (
				en,
				Base,
			);
			mainGroup = A8FE71741FEDDD93009D50D1;
			productRefGroup = A8FE717E1FEDDD93009D50D1 /* Products */;
			projectDirPath = "";
			projectRoot = "";
			targets = (
				A8FE717C1FEDDD93009D50D1 /* Pizza */,
				A8FE71901FEDDD94009D50D1 /* PizzaTests */,
				A8FE719B1FEDDD94009D50D1 /* PizzaUITests */,
			);
		};
/* End PBXProject section */

/* Begin PBXResourcesBuildPhase section */
		A8FE717B1FEDDD93009D50D1 /* Resources */ = {
			isa = PBXResourcesBuildPhase;
			buildActionMask = 2147483647;
			files = (
				A8FE718B1FEDDD94009D50D1 /* LaunchScreen.storyboard in Resources */,
				A8FE71881FEDDD94009D50D1 /* Assets.xcassets in Resources */,
				A8FE71861FEDDD94009D50D1 /* Main.storyboard in Resources */,
			);
			runOnlyForDeploymentPostprocessing = 0;
		};
		A8FE718F1FEDDD94009D50D1 /* Resources */ = {
			isa = PBXResourcesBuildPhase;
			buildActionMask = 2147483647;
			files = (
			);
			runOnlyForDeploymentPostprocessing = 0;
		};
		A8FE719A1FEDDD94009D50D1 /* Resources */ = {
			isa = PBXResourcesBuildPhase;
			buildActionMask = 2147483647;
			files = (
			);
			runOnlyForDeploymentPostprocessing = 0;
		};
/* End PBXResourcesBuildPhase section */

/* Begin PBXSourcesBuildPhase section */
		A8FE71791FEDDD93009D50D1 /* Sources */ = {
			isa = PBXSourcesBuildPhase;
			buildActionMask = 2147483647;
			files = (
				A8FE71831FEDDD93009D50D1 /* ViewController.swift in Sources */,
				A8FE71811FEDDD93009D50D1 /* AppDelegate.swift in Sources */,
			);
			runOnlyForDeploymentPostprocessing = 0;
		};
		A8FE718D1FEDDD94009D50D1 /* Sources */ = {
			isa = PBXSourcesBuildPhase;
			buildActionMask = 2147483647;
			files = (
				A8FE71961FEDDD94009D50D1 /* PizzaTests.swift in Sources */,
			);
			runOnlyForDeploymentPostprocessing = 0;
		};
		A8FE71981FEDDD94009D50D1 /* Sources */ = {
			isa = PBXSourcesBuildPhase;
			buildActionMask = 2147483647;
			files = (
				A8FE71A11FEDDD94009D50D1 /* PizzaUITests.swift in Sources */,
			);
			runOnlyForDeploymentPostprocessing = 0;
		};
/* End PBXSourcesBuildPhase section */

/* Begin PBXTargetDependency section */
		A8FE71931FEDDD94009D50D1 /* PBXTargetDependency */ = {
			isa = PBXTargetDependency;
			target = A8FE717C1FEDDD93009D50D1 /* Pizza */;
			targetProxy = A8FE71921FEDDD94009D50D1 /* PBXContainerItemProxy */;
		};
		A8FE719E1FEDDD94009D50D1 /* PBXTargetDependency */ = {
			isa = PBXTargetDependency;
			target = A8FE717C1FEDDD93009D50D1 /* Pizza */;
			targetProxy = A8FE719D1FEDDD94009D50D1 /* PBXContainerItemProxy */;
		};
/* End PBXTargetDependency section */

/* Begin PBXVariantGroup section */
		A8FE71841FEDDD93009D50D1 /* Main.storyboard */ = {
			isa = PBXVariantGroup;
			children = (
				A8FE71851FEDDD94009D50D1 /* Base */,
			);
			name = Main.storyboard;
			sourceTree = "<group>";
		};
		A8FE71891FEDDD94009D50D1 /* LaunchScreen.storyboard */ = {
			isa = PBXVariantGroup;
			children = (
				A8FE718A1FEDDD94009D50D1 /* Base */,
			);
			name = LaunchScreen.storyboard;
			sourceTree = "<group>";
		};
/* End PBXVariantGroup section */

/* Begin XCBuildConfiguration section */
		A8FE71A31FEDDD94009D50D1 /* Debug */ = {
			isa = XCBuildConfiguration;
			buildSettings = {
				ALWAYS_SEARCH_USER_PATHS = NO;
				CLANG_ANALYZER_NONNULL = YES;
				CLANG_ANALYZER_NUMBER_OBJECT_CONVERSION = YES_AGGRESSIVE;
				CLANG_CXX_LANGUAGE_STANDARD = "gnu++14";
				CLANG_CXX_LIBRARY = "libc++";
				CLANG_ENABLE_MODULES = YES;
				CLANG_ENABLE_OBJC_ARC = YES;
				CLANG_WARN_BLOCK_CAPTURE_AUTORELEASING = YES;
				CLANG_WARN_BOOL_CONVERSION = YES;
				CLANG_WARN_COMMA = YES;
				CLANG_WARN_CONSTANT_CONVERSION = YES;
				CLANG_WARN_DIRECT_OBJC_ISA_USAGE = YES_ERROR;
				CLANG_WARN_DOCUMENTATION_COMMENTS = YES;
				CLANG_WARN_EMPTY_BODY = YES;
				CLANG_WARN_ENUM_CONVERSION = YES;
				CLANG_WARN_INFINITE_RECURSION = YES;
				CLANG_WARN_INT_CONVERSION = YES;
				CLANG_WARN_NON_LITERAL_NULL_CONVERSION = YES;
				CLANG_WARN_OBJC_LITERAL_CONVERSION = YES;
				CLANG_WARN_OBJC_ROOT_CLASS = YES_ERROR;
				CLANG_WARN_RANGE_LOOP_ANALYSIS = YES;
				CLANG_WARN_STRICT_PROTOTYPES = YES;
				CLANG_WARN_SUSPICIOUS_MOVE = YES;
				CLANG_WARN_UNGUARDED_AVAILABILITY = YES_AGGRESSIVE;
				CLANG_WARN_UNREACHABLE_CODE = YES;
				CLANG_WARN__DUPLICATE_METHOD_MATCH = YES;
				CODE_SIGN_IDENTITY = "iPhone Developer";
				COPY_PHASE_STRIP = NO;
				DEBUG_INFORMATION_FORMAT = dwarf;
				ENABLE_STRICT_OBJC_MSGSEND = YES;
				ENABLE_TESTABILITY = YES;
				GCC_C_LANGUAGE_STANDARD = gnu11;
				GCC_DYNAMIC_NO_PIC = NO;
				GCC_NO_COMMON_BLOCKS = YES;
				GCC_OPTIMIZATION_LEVEL = 0;
				GCC_PREPROCESSOR_DEFINITIONS = (
					"DEBUG=1",
					"$(inherited)",
				);
				GCC_WARN_64_TO_32_BIT_CONVERSION = YES;
				GCC_WARN_ABOUT_RETURN_TYPE = YES_ERROR;
				GCC_WARN_UNDECLARED_SELECTOR = YES;
				GCC_WARN_UNINITIALIZED_AUTOS = YES_AGGRESSIVE;
				GCC_WARN_UNUSED_FUNCTION = YES;
				GCC_WARN_UNUSED_VARIABLE = YES;
				IPHONEOS_DEPLOYMENT_TARGET = 11.2;
				MTL_ENABLE_DEBUG_INFO = YES;
				ONLY_ACTIVE_ARCH = YES;
				SDKROOT = iphoneos;
				SWIFT_ACTIVE_COMPILATION_CONDITIONS = DEBUG;
				SWIFT_OPTIMIZATION_LEVEL = "-Onone";
			};
			name = Debug;
		};
		A8FE71A41FEDDD94009D50D1 /* Release */ = {
			isa = XCBuildConfiguration;
			buildSettings = {
				ALWAYS_SEARCH_USER_PATHS = NO;
				CLANG_ANALYZER_NONNULL = YES;
				CLANG_ANALYZER_NUMBER_OBJECT_CONVERSION = YES_AGGRESSIVE;
				CLANG_CXX_LANGUAGE_STANDARD = "gnu++14";
				CLANG_CXX_LIBRARY = "libc++";
				CLANG_ENABLE_MODULES = YES;
				CLANG_ENABLE_OBJC_ARC = YES;
				CLANG_WARN_BLOCK_CAPTURE_AUTORELEASING = YES;
				CLANG_WARN_BOOL_CONVERSION = YES;
				CLANG_WARN_COMMA = YES;
				CLANG_WARN_CONSTANT_CONVERSION = YES;
				CLANG_WARN_DIRECT_OBJC_ISA_USAGE = YES_ERROR;
				CLANG_WARN_DOCUMENTATION_COMMENTS = YES;
				CLANG_WARN_EMPTY_BODY = YES;
				CLANG_WARN_ENUM_CONVERSION = YES;
				CLANG_WARN_INFINITE_RECURSION = YES;
				CLANG_WARN_INT_CONVERSION = YES;
				CLANG_WARN_NON_LITERAL_NULL_CONVERSION = YES;
				CLANG_WARN_OBJC_LITERAL_CONVERSION = YES;
				CLANG_WARN_OBJC_ROOT_CLASS = YES_ERROR;
				CLANG_WARN_RANGE_LOOP_ANALYSIS = YES;
				CLANG_WARN_STRICT_PROTOTYPES = YES;
				CLANG_WARN_SUSPICIOUS_MOVE = YES;
				CLANG_WARN_UNGUARDED_AVAILABILITY = YES_AGGRESSIVE;
				CLANG_WARN_UNREACHABLE_CODE = YES;
				CLANG_WARN__DUPLICATE_METHOD_MATCH = YES;
				CODE_SIGN_IDENTITY = "iPhone Developer";
				COPY_PHASE_STRIP = NO;
				DEBUG_INFORMATION_FORMAT = "dwarf-with-dsym";
				ENABLE_NS_ASSERTIONS = NO;
				ENABLE_STRICT_OBJC_MSGSEND = YES;
				GCC_C_LANGUAGE_STANDARD = gnu11;
				GCC_NO_COMMON_BLOCKS = YES;
				GCC_WARN_64_TO_32_BIT_CONVERSION = YES;
				GCC_WARN_ABOUT_RETURN_TYPE = YES_ERROR;
				GCC_WARN_UNDECLARED_SELECTOR = YES;
				GCC_WARN_UNINITIALIZED_AUTOS = YES_AGGRESSIVE;
				GCC_WARN_UNUSED_FUNCTION = YES;
				GCC_WARN_UNUSED_VARIABLE = YES;
				IPHONEOS_DEPLOYMENT_TARGET = 11.2;
				MTL_ENABLE_DEBUG_INFO = NO;
				SDKROOT = iphoneos;
				SWIFT_OPTIMIZATION_LEVEL = "-Owholemodule";
				VALIDATE_PRODUCT = YES;
			};
			name = Release;
		};
		A8FE71A61FEDDD94009D50D1 /* Debug */ = {
			isa = XCBuildConfiguration;
			buildSettings = {
				ASSETCATALOG_COMPILER_APPICON_NAME = AppIcon;
				CODE_SIGN_STYLE = Automatic;
				DEVELOPMENT_TEAM = 3DKZWJ5854;
				INFOPLIST_FILE = Pizza/Info.plist;
				LD_RUNPATH_SEARCH_PATHS = "$(inherited) @executable_path/Frameworks";
				PRODUCT_BUNDLE_IDENTIFIER = com.matt.deuschle.Pizza;
				PRODUCT_NAME = "$(TARGET_NAME)";
				SWIFT_VERSION = 4.0;
				TARGETED_DEVICE_FAMILY = "1,2";
			};
			name = Debug;
		};
		A8FE71A71FEDDD94009D50D1 /* Release */ = {
			isa = XCBuildConfiguration;
			buildSettings = {
				ASSETCATALOG_COMPILER_APPICON_NAME = AppIcon;
				CODE_SIGN_STYLE = Automatic;
				DEVELOPMENT_TEAM = 3DKZWJ5854;
				INFOPLIST_FILE = Pizza/Info.plist;
				LD_RUNPATH_SEARCH_PATHS = "$(inherited) @executable_path/Frameworks";
				PRODUCT_BUNDLE_IDENTIFIER = com.matt.deuschle.Pizza;
				PRODUCT_NAME = "$(TARGET_NAME)";
				SWIFT_VERSION = 4.0;
				TARGETED_DEVICE_FAMILY = "1,2";
			};
			name = Release;
		};
		A8FE71A91FEDDD94009D50D1 /* Debug */ = {
			isa = XCBuildConfiguration;
			buildSettings = {
				ALWAYS_EMBED_SWIFT_STANDARD_LIBRARIES = YES;
				BUNDLE_LOADER = "$(TEST_HOST)";
				CODE_SIGN_STYLE = Automatic;
				DEVELOPMENT_TEAM = 3DKZWJ5854;
				INFOPLIST_FILE = PizzaTests/Info.plist;
				LD_RUNPATH_SEARCH_PATHS = "$(inherited) @executable_path/Frameworks @loader_path/Frameworks";
				PRODUCT_BUNDLE_IDENTIFIER = com.matt.deuschle.PizzaTests;
				PRODUCT_NAME = "$(TARGET_NAME)";
				SWIFT_VERSION = 4.0;
				TARGETED_DEVICE_FAMILY = "1,2";
				TEST_HOST = "$(BUILT_PRODUCTS_DIR)/Pizza.app/Pizza";
			};
			name = Debug;
		};
		A8FE71AA1FEDDD94009D50D1 /* Release */ = {
			isa = XCBuildConfiguration;
			buildSettings = {
				ALWAYS_EMBED_SWIFT_STANDARD_LIBRARIES = YES;
				BUNDLE_LOADER = "$(TEST_HOST)";
				CODE_SIGN_STYLE = Automatic;
				DEVELOPMENT_TEAM = 3DKZWJ5854;
				INFOPLIST_FILE = PizzaTests/Info.plist;
				LD_RUNPATH_SEARCH_PATHS = "$(inherited) @executable_path/Frameworks @loader_path/Frameworks";
				PRODUCT_BUNDLE_IDENTIFIER = com.matt.deuschle.PizzaTests;
				PRODUCT_NAME = "$(TARGET_NAME)";
				SWIFT_VERSION = 4.0;
				TARGETED_DEVICE_FAMILY = "1,2";
				TEST_HOST = "$(BUILT_PRODUCTS_DIR)/Pizza.app/Pizza";
			};
			name = Release;
		};
		A8FE71AC1FEDDD94009D50D1 /* Debug */ = {
			isa = XCBuildConfiguration;
			buildSettings = {
				ALWAYS_EMBED_SWIFT_STANDARD_LIBRARIES = YES;
				CODE_SIGN_STYLE = Automatic;
				DEVELOPMENT_TEAM = 3DKZWJ5854;
				INFOPLIST_FILE = PizzaUITests/Info.plist;
				LD_RUNPATH_SEARCH_PATHS = "$(inherited) @executable_path/Frameworks @loader_path/Frameworks";
				PRODUCT_BUNDLE_IDENTIFIER = com.matt.deuschle.PizzaUITests;
				PRODUCT_NAME = "$(TARGET_NAME)";
				SWIFT_VERSION = 4.0;
				TARGETED_DEVICE_FAMILY = "1,2";
				TEST_TARGET_NAME = Pizza;
			};
			name = Debug;
		};
		A8FE71AD1FEDDD94009D50D1 /* Release */ = {
			isa = XCBuildConfiguration;
			buildSettings = {
				ALWAYS_EMBED_SWIFT_STANDARD_LIBRARIES = YES;
				CODE_SIGN_STYLE = Automatic;
				DEVELOPMENT_TEAM = 3DKZWJ5854;
				INFOPLIST_FILE = PizzaUITests/Info.plist;
				LD_RUNPATH_SEARCH_PATHS = "$(inherited) @executable_path/Frameworks @loader_path/Frameworks";
				PRODUCT_BUNDLE_IDENTIFIER = com.matt.deuschle.PizzaUITests;
				PRODUCT_NAME = "$(TARGET_NAME)";
				SWIFT_VERSION = 4.0;
				TARGETED_DEVICE_FAMILY = "1,2";
				TEST_TARGET_NAME = Pizza;
			};
			name = Release;
		};
/* End XCBuildConfiguration section */

/* Begin XCConfigurationList section */
		A8FE71781FEDDD93009D50D1 /* Build configuration list for PBXProject "Pizza" */ = {
			isa = XCConfigurationList;
			buildConfigurations = (
				A8FE71A31FEDDD94009D50D1 /* Debug */,
				A8FE71A41FEDDD94009D50D1 /* Release */,
			);
			defaultConfigurationIsVisible = 0;
			defaultConfigurationName = Release;
		};
		A8FE71A51FEDDD94009D50D1 /* Build configuration list for PBXNativeTarget "Pizza" */ = {
			isa = XCConfigurationList;
			buildConfigurations = (
				A8FE71A61FEDDD94009D50D1 /* Debug */,
				A8FE71A71FEDDD94009D50D1 /* Release */,
			);
			defaultConfigurationIsVisible = 0;
			defaultConfigurationName = Release;
		};
		A8FE71A81FEDDD94009D50D1 /* Build configuration list for PBXNativeTarget "PizzaTests" */ = {
			isa = XCConfigurationList;
			buildConfigurations = (
				A8FE71A91FEDDD94009D50D1 /* Debug */,
				A8FE71AA1FEDDD94009D50D1 /* Release */,
			);
			defaultConfigurationIsVisible = 0;
			defaultConfigurationName = Release;
		};
		A8FE71AB1FEDDD94009D50D1 /* Build configuration list for PBXNativeTarget "PizzaUITests" */ = {
			isa = XCConfigurationList;
			buildConfigurations = (
				A8FE71AC1FEDDD94009D50D1 /* Debug */,
				A8FE71AD1FEDDD94009D50D1 /* Release */,
			);
			defaultConfigurationIsVisible = 0;
			defaultConfigurationName = Release;
		};
/* End XCConfigurationList section */
	};
	rootObject = A8FE71751FEDDD93009D50D1 /* Project object */;
}
